
Microsoft Visual Studio Solution File, Format Version 12.00
Project("{FAE04EC0-301F-11D3-BF4B-00C04F79EFBC}") = "SlidingWindow.Test", "Tests\SlidingWindow.Test\SlidingWindow.Test.csproj", "{B4D2BF77-19D3-4A86-916A-AE51291F2002}"
EndProject
Project("{FAE04EC0-301F-11D3-BF4B-00C04F79EFBC}") = "SlidingWindow.Easy", "SlidingWindow.Easy\SlidingWindow.Easy.csproj", "{763A8DC6-87E0-4DB5-8D09-9C766E75D864}"
EndProject
Global
	GlobalSection(SolutionConfigurationPlatforms) = preSolution
		Debug|Any CPU = Debug|Any CPU
		Release|Any CPU = Release|Any CPU
	EndGlobalSection
	GlobalSection(ProjectConfigurationPlatforms) = postSolution
		{B4D2BF77-19D3-4A86-916A-AE51291F2002}.Debug|Any CPU.ActiveCfg = Debug|Any CPU
		{B4D2BF77-19D3-4A86-916A-AE51291F2002}.Debug|Any CPU.Build.0 = Debug|Any CPU
		{B4D2BF77-19D3-4A86-916A-AE51291F2002}.Release|Any CPU.ActiveCfg = Release|Any CPU
		{B4D2BF77-19D3-4A86-916A-AE51291F2002}.Release|Any CPU.Build.0 = Release|Any CPU
		{763A8DC6-87E0-4DB5-8D09-9C766E75D864}.Debug|Any CPU.ActiveCfg = Debug|Any CPU
		{763A8DC6-87E0-4DB5-8D09-9C766E75D864}.Debug|Any CPU.Build.0 = Debug|Any CPU
		{763A8DC6-87E0-4DB5-8D09-9C766E75D864}.Release|Any CPU.ActiveCfg = Release|Any CPU
		{763A8DC6-87E0-4DB5-8D09-9C766E75D864}.Release|Any CPU.Build.0 = Release|Any CPU
	EndGlobalSection
EndGlobal
